
Microsoft Visual Studio Solution File, Format Version 12.00
# Visual Studio Version 17
VisualStudioVersion = 17.5.33516.290
MinimumVisualStudioVersion = 10.0.40219.1
Project("{FAE04EC0-301F-11D3-BF4B-00C04F79EFBC}") = "Queue (task2)", "Queue (task2)\Queue (task2).csproj", "{13AE918F-28EF-43B6-A5FF-B7B8FE6CE813}"
EndProject
Global
	GlobalSection(SolutionConfigurationPlatforms) = preSolution
		Debug|Any CPU = Debug|Any CPU
		Release|Any CPU = Release|Any CPU
	EndGlobalSection
	GlobalSection(ProjectConfigurationPlatforms) = postSolution
		{13AE918F-28EF-43B6-A5FF-B7B8FE6CE813}.Debug|Any CPU.ActiveCfg = Debug|Any CPU
		{13AE918F-28EF-43B6-A5FF-B7B8FE6CE813}.Debug|Any CPU.Build.0 = Debug|Any CPU
		{13AE918F-28EF-43B6-A5FF-B7B8FE6CE813}.Release|Any CPU.ActiveCfg = Release|Any CPU
		{13AE918F-28EF-43B6-A5FF-B7B8FE6CE813}.Release|Any CPU.Build.0 = Release|Any CPU
	EndGlobalSection
	GlobalSection(SolutionProperties) = preSolution
		HideSolutionNode = FALSE
	EndGlobalSection
	GlobalSection(ExtensibilityGlobals) = postSolution
		SolutionGuid = {EE4A768F-1E14-40FA-8754-FB48F5694EE7}
	EndGlobalSection
EndGlobal
